PODS:
  - Gemini (1.4.0)
  - SwiftGifOrigin (1.7.0)
  - SwiftyGif (5.2.0)

DEPENDENCIES:
  - Gemini
  - SwiftGifOrigin (~> 1.7.0)
  - SwiftyGif

SPEC REPOS:
  trunk:
    - Gemini
    - SwiftGifOrigin
    - SwiftyGif

SPEC CHECKSUMS:
  Gemini: 4ad915cca8805577fe3021e02feeca2b77dcdbfc
  SwiftGifOrigin: fbd6cf37afcfcf97a5c3db996ddc0492e5c5c145
  SwiftyGif: b85c6b33a9411859d9e1db998b6a8214aea942df

PODFILE CHECKSUM: 3486a1710e01aaa8950c1e8a33cfc9494b1db759

COCOAPODS: 1.9.1
